
Microsoft Visual Studio Solution File, Format Version 12.00
# Visual Studio Version 17
VisualStudioVersion = 17.8.34330.188
MinimumVisualStudioVersion = 10.0.40219.1
Project("{2150E333-8FDC-42A3-9474-1A3956D46DE8}") = "DynamicProgramming", "DynamicProgramming", "{18BA081D-A609-4028-BC7F-0E6E2E946268}"
EndProject
Project("{9A19103F-16F7-4668-BE54-9A1E7A4F7556}") = "FibonacciNumbers", "DynamicProgramming\FibonacciNumbers\FibonacciNumbers.csproj", "{F07DD216-14D3-4835-8CF2-67F876B9EAB5}"
EndProject
Project("{9A19103F-16F7-4668-BE54-9A1E7A4F7556}") = "LongestIncreasingSubsequence", "DynamicProgramming\LongestIncreasingSubsequence\LongestIncreasingSubsequence.csproj", "{A7509B70-AE35-4560-8B62-57B99078EAEC}"
EndProject
Project("{2150E333-8FDC-42A3-9474-1A3956D46DE8}") = "SearchAndSort", "SearchAndSort", "{B18911FF-A549-4BCE-86CA-5CC10BA033F2}"
EndProject
Project("{9A19103F-16F7-4668-BE54-9A1E7A4F7556}") = "QuickSort", "SearchAndSort\QuickSort\QuickSort.csproj", "{3EDDCE97-8112-4147-A43E-F7059576871C}"
EndProject
Project("{9A19103F-16F7-4668-BE54-9A1E7A4F7556}") = "BinarySearch", "SearchAndSort\BinarySearch\BinarySearch.csproj", "{9FD684D9-99C0-4025-ABCE-47BAC14FE802}"
EndProject
Project("{2150E333-8FDC-42A3-9474-1A3956D46DE8}") = "ArrayAndStrings", "ArrayAndStrings", "{EC2B2310-068E-4045-A050-F7ED191D6B4A}"
EndProject
Project("{9A19103F-16F7-4668-BE54-9A1E7A4F7556}") = "FindDuplicates", "ArrayAndStrings\FindDuplicates\FindDuplicates.csproj", "{D637EBDC-F893-42B9-99A9-F6D72C42C3E0}"
EndProject
Project("{9A19103F-16F7-4668-BE54-9A1E7A4F7556}") = "AnagramCheck", "ArrayAndStrings\AnagramCheck\AnagramCheck.csproj", "{04E3E7EE-0279-47FF-A4D9-DBD1CD5287C7}"
EndProject
Project("{2150E333-8FDC-42A3-9474-1A3956D46DE8}") = "LinkedLists", "LinkedLists", "{4CB17FDD-5735-454D-87B7-D86A8FEDAC18}"
EndProject
Project("{9A19103F-16F7-4668-BE54-9A1E7A4F7556}") = "LinkedListCycle", "LinkedLists\LinkedListCycle\LinkedListCycle.csproj", "{940203B1-CCB6-4D5B-9A60-41FB5C1CCD79}"
EndProject
Project("{9A19103F-16F7-4668-BE54-9A1E7A4F7556}") = "MergeTwoLinkedLists", "LinkedLists\MergeTwoLinkedLists\MergeTwoLinkedLists.csproj", "{2F9EBBC1-E884-49F8-8F20-8143B42535DF}"
EndProject
Project("{2150E333-8FDC-42A3-9474-1A3956D46DE8}") = "TreesAndGraphs", "TreesAndGraphs", "{BB119FD6-C9A8-47EE-822C-7415F179D996}"
EndProject
Project("{9A19103F-16F7-4668-BE54-9A1E7A4F7556}") = "BinarySearchTree", "TreesAndGraphs\BinarySearchTree\BinarySearchTree.csproj", "{9B151636-86FE-4B40-B662-51A52A37078F}"
EndProject
Project("{9A19103F-16F7-4668-BE54-9A1E7A4F7556}") = "BreadthFirstAndDepthSearch", "TreesAndGraphs\BreadthFirstAndDepthSearch\BreadthFirstAndDepthSearch.csproj", "{07C6410D-4DFD-4607-A05B-33E7EB4E021A}"
EndProject
Project("{2150E333-8FDC-42A3-9474-1A3956D46DE8}") = "QueueAndStack", "QueueAndStack", "{D9CF19E5-A1FF-4663-9B50-B6006111E17C}"
EndProject
Project("{9A19103F-16F7-4668-BE54-9A1E7A4F7556}") = "QueueImplementingUsingStack", "QueueAndStack\QueueImplementingUsingStack\QueueImplementingUsingStack.csproj", "{2E76DB1E-BA23-4FF8-BA84-30603E61A27C}"
EndProject
Project("{9A19103F-16F7-4668-BE54-9A1E7A4F7556}") = "ContainerWithMostWater", "ArrayAndStrings\ContainerWithMostWater\ContainerWithMostWater.csproj", "{574F35F9-4300-492D-980B-B7962BF8DCD0}"
EndProject
Project("{9A19103F-16F7-4668-BE54-9A1E7A4F7556}") = "EvaluateReversePolishNotation", "QueueAndStack\EvaluateReversePolishNotation\EvaluateReversePolishNotation.csproj", "{53620972-3C10-41B4-888B-8467413B3A95}"
EndProject
Global
	GlobalSection(SolutionConfigurationPlatforms) = preSolution
		Debug|Any CPU = Debug|Any CPU
		Release|Any CPU = Release|Any CPU
	EndGlobalSection
	GlobalSection(ProjectConfigurationPlatforms) = postSolution
		{F07DD216-14D3-4835-8CF2-67F876B9EAB5}.Debug|Any CPU.ActiveCfg = Debug|Any CPU
		{F07DD216-14D3-4835-8CF2-67F876B9EAB5}.Debug|Any CPU.Build.0 = Debug|Any CPU
		{F07DD216-14D3-4835-8CF2-67F876B9EAB5}.Release|Any CPU.ActiveCfg = Release|Any CPU
		{F07DD216-14D3-4835-8CF2-67F876B9EAB5}.Release|Any CPU.Build.0 = Release|Any CPU
		{A7509B70-AE35-4560-8B62-57B99078EAEC}.Debug|Any CPU.ActiveCfg = Debug|Any CPU
		{A7509B70-AE35-4560-8B62-57B99078EAEC}.Debug|Any CPU.Build.0 = Debug|Any CPU
		{A7509B70-AE35-4560-8B62-57B99078EAEC}.Release|Any CPU.ActiveCfg = Release|Any CPU
		{A7509B70-AE35-4560-8B62-57B99078EAEC}.Release|Any CPU.Build.0 = Release|Any CPU
		{3EDDCE97-8112-4147-A43E-F7059576871C}.Debug|Any CPU.ActiveCfg = Debug|Any CPU
		{3EDDCE97-8112-4147-A43E-F7059576871C}.Debug|Any CPU.Build.0 = Debug|Any CPU
		{3EDDCE97-8112-4147-A43E-F7059576871C}.Release|Any CPU.ActiveCfg = Release|Any CPU
		{3EDDCE97-8112-4147-A43E-F7059576871C}.Release|Any CPU.Build.0 = Release|Any CPU
		{9FD684D9-99C0-4025-ABCE-47BAC14FE802}.Debug|Any CPU.ActiveCfg = Debug|Any CPU
		{9FD684D9-99C0-4025-ABCE-47BAC14FE802}.Debug|Any CPU.Build.0 = Debug|Any CPU
		{9FD684D9-99C0-4025-ABCE-47BAC14FE802}.Release|Any CPU.ActiveCfg = Release|Any CPU
		{9FD684D9-99C0-4025-ABCE-47BAC14FE802}.Release|Any CPU.Build.0 = Release|Any CPU
		{D637EBDC-F893-42B9-99A9-F6D72C42C3E0}.Debug|Any CPU.ActiveCfg = Debug|Any CPU
		{D637EBDC-F893-42B9-99A9-F6D72C42C3E0}.Debug|Any CPU.Build.0 = Debug|Any CPU
		{D637EBDC-F893-42B9-99A9-F6D72C42C3E0}.Release|Any CPU.ActiveCfg = Release|Any CPU
		{D637EBDC-F893-42B9-99A9-F6D72C42C3E0}.Release|Any CPU.Build.0 = Release|Any CPU
		{04E3E7EE-0279-47FF-A4D9-DBD1CD5287C7}.Debug|Any CPU.ActiveCfg = Debug|Any CPU
		{04E3E7EE-0279-47FF-A4D9-DBD1CD5287C7}.Debug|Any CPU.Build.0 = Debug|Any CPU
		{04E3E7EE-0279-47FF-A4D9-DBD1CD5287C7}.Release|Any CPU.ActiveCfg = Release|Any CPU
		{04E3E7EE-0279-47FF-A4D9-DBD1CD5287C7}.Release|Any CPU.Build.0 = Release|Any CPU
		{940203B1-CCB6-4D5B-9A60-41FB5C1CCD79}.Debug|Any CPU.ActiveCfg = Debug|Any CPU
		{940203B1-CCB6-4D5B-9A60-41FB5C1CCD79}.Debug|Any CPU.Build.0 = Debug|Any CPU
		{940203B1-CCB6-4D5B-9A60-41FB5C1CCD79}.Release|Any CPU.ActiveCfg = Release|Any CPU
		{940203B1-CCB6-4D5B-9A60-41FB5C1CCD79}.Release|Any CPU.Build.0 = Release|Any CPU
		{2F9EBBC1-E884-49F8-8F20-8143B42535DF}.Debug|Any CPU.ActiveCfg = Debug|Any CPU
		{2F9EBBC1-E884-49F8-8F20-8143B42535DF}.Debug|Any CPU.Build.0 = Debug|Any CPU
		{2F9EBBC1-E884-49F8-8F20-8143B42535DF}.Release|Any CPU.ActiveCfg = Release|Any CPU
		{2F9EBBC1-E884-49F8-8F20-8143B42535DF}.Release|Any CPU.Build.0 = Release|Any CPU
		{9B151636-86FE-4B40-B662-51A52A37078F}.Debug|Any CPU.ActiveCfg = Debug|Any CPU
		{9B151636-86FE-4B40-B662-51A52A37078F}.Debug|Any CPU.Build.0 = Debug|Any CPU
		{9B151636-86FE-4B40-B662-51A52A37078F}.Release|Any CPU.ActiveCfg = Release|Any CPU
		{9B151636-86FE-4B40-B662-51A52A37078F}.Release|Any CPU.Build.0 = Release|Any CPU
		{07C6410D-4DFD-4607-A05B-33E7EB4E021A}.Debug|Any CPU.ActiveCfg = Debug|Any CPU
		{07C6410D-4DFD-4607-A05B-33E7EB4E021A}.Debug|Any CPU.Build.0 = Debug|Any CPU
		{07C6410D-4DFD-4607-A05B-33E7EB4E021A}.Release|Any CPU.ActiveCfg = Release|Any CPU
		{07C6410D-4DFD-4607-A05B-33E7EB4E021A}.Release|Any CPU.Build.0 = Release|Any CPU
		{2E76DB1E-BA23-4FF8-BA84-30603E61A27C}.Debug|Any CPU.ActiveCfg = Debug|Any CPU
		{2E76DB1E-BA23-4FF8-BA84-30603E61A27C}.Debug|Any CPU.Build.0 = Debug|Any CPU
		{2E76DB1E-BA23-4FF8-BA84-30603E61A27C}.Release|Any CPU.ActiveCfg = Release|Any CPU
		{2E76DB1E-BA23-4FF8-BA84-30603E61A27C}.Release|Any CPU.Build.0 = Release|Any CPU
		{574F35F9-4300-492D-980B-B7962BF8DCD0}.Debug|Any CPU.ActiveCfg = Debug|Any CPU
		{574F35F9-4300-492D-980B-B7962BF8DCD0}.Debug|Any CPU.Build.0 = Debug|Any CPU
		{574F35F9-4300-492D-980B-B7962BF8DCD0}.Release|Any CPU.ActiveCfg = Release|Any CPU
		{574F35F9-4300-492D-980B-B7962BF8DCD0}.Release|Any CPU.Build.0 = Release|Any CPU
		{53620972-3C10-41B4-888B-8467413B3A95}.Debug|Any CPU.ActiveCfg = Debug|Any CPU
		{53620972-3C10-41B4-888B-8467413B3A95}.Debug|Any CPU.Build.0 = Debug|Any CPU
		{53620972-3C10-41B4-888B-8467413B3A95}.Release|Any CPU.ActiveCfg = Release|Any CPU
		{53620972-3C10-41B4-888B-8467413B3A95}.Release|Any CPU.Build.0 = Release|Any CPU
	EndGlobalSection
	GlobalSection(SolutionProperties) = preSolution
		HideSolutionNode = FALSE
	EndGlobalSection
	GlobalSection(NestedProjects) = preSolution
		{F07DD216-14D3-4835-8CF2-67F876B9EAB5} = {18BA081D-A609-4028-BC7F-0E6E2E946268}
		{A7509B70-AE35-4560-8B62-57B99078EAEC} = {18BA081D-A609-4028-BC7F-0E6E2E946268}
		{3EDDCE97-8112-4147-A43E-F7059576871C} = {B18911FF-A549-4BCE-86CA-5CC10BA033F2}
		{9FD684D9-99C0-4025-ABCE-47BAC14FE802} = {B18911FF-A549-4BCE-86CA-5CC10BA033F2}
		{D637EBDC-F893-42B9-99A9-F6D72C42C3E0} = {EC2B2310-068E-4045-A050-F7ED191D6B4A}
		{04E3E7EE-0279-47FF-A4D9-DBD1CD5287C7} = {EC2B2310-068E-4045-A050-F7ED191D6B4A}
		{940203B1-CCB6-4D5B-9A60-41FB5C1CCD79} = {4CB17FDD-5735-454D-87B7-D86A8FEDAC18}
		{2F9EBBC1-E884-49F8-8F20-8143B42535DF} = {4CB17FDD-5735-454D-87B7-D86A8FEDAC18}
		{9B151636-86FE-4B40-B662-51A52A37078F} = {BB119FD6-C9A8-47EE-822C-7415F179D996}
		{07C6410D-4DFD-4607-A05B-33E7EB4E021A} = {BB119FD6-C9A8-47EE-822C-7415F179D996}
		{2E76DB1E-BA23-4FF8-BA84-30603E61A27C} = {D9CF19E5-A1FF-4663-9B50-B6006111E17C}
		{574F35F9-4300-492D-980B-B7962BF8DCD0} = {EC2B2310-068E-4045-A050-F7ED191D6B4A}
	EndGlobalSection
	GlobalSection(ExtensibilityGlobals) = postSolution
		SolutionGuid = {E3CC3317-8DFD-41FF-B2B5-BBEB67A99910}
	EndGlobalSection
EndGlobal
